
Microsoft Visual Studio Solution File, Format Version 12.00
# Visual Studio Version 17
VisualStudioVersion = 17.10.35027.167
MinimumVisualStudioVersion = 10.0.40219.1
Project("{2150E333-8FDC-42A3-9474-1A3956D46DE8}") = "Domain", "Domain", "{DA816CB5-F666-4FB3-BB37-48210BB56D3F}"
EndProject
Project("{9A19103F-16F7-4668-BE54-9A1E7A4F7556}") = "BillingFlowManager.Domain", "BillingFlowManager.Domain\BillingFlowManager.Domain.csproj", "{37898ABE-DFD1-4E43-92B3-5F4C1BD77306}"
EndProject
Project("{2150E333-8FDC-42A3-9474-1A3956D46DE8}") = "Application", "Application", "{0D19DFA6-5E96-4969-BBEC-FA5C27D558DB}"
EndProject
Project("{2150E333-8FDC-42A3-9474-1A3956D46DE8}") = "Infra", "Infra", "{2477D333-2858-419C-BB52-F671B2B3F5C2}"
EndProject
Project("{9A19103F-16F7-4668-BE54-9A1E7A4F7556}") = "BillingFlowManager.Infra", "BillingFlowManager.Infra\BillingFlowManager.Infra.csproj", "{13CA07E5-3FE4-4814-85D8-906D1F75C1E9}"
EndProject
Project("{9A19103F-16F7-4668-BE54-9A1E7A4F7556}") = "BillingFlowManager.WebApi", "BillingFlowManager.WebApi\BillingFlowManager.WebApi.csproj", "{A46E3775-6F1D-436B-9500-72693DCD8B3D}"
EndProject
Global
	GlobalSection(SolutionConfigurationPlatforms) = preSolution
		Debug|Any CPU = Debug|Any CPU
		Release|Any CPU = Release|Any CPU
	EndGlobalSection
	GlobalSection(ProjectConfigurationPlatforms) = postSolution
		{37898ABE-DFD1-4E43-92B3-5F4C1BD77306}.Debug|Any CPU.ActiveCfg = Debug|Any CPU
		{37898ABE-DFD1-4E43-92B3-5F4C1BD77306}.Debug|Any CPU.Build.0 = Debug|Any CPU
		{37898ABE-DFD1-4E43-92B3-5F4C1BD77306}.Release|Any CPU.ActiveCfg = Release|Any CPU
		{37898ABE-DFD1-4E43-92B3-5F4C1BD77306}.Release|Any CPU.Build.0 = Release|Any CPU
		{13CA07E5-3FE4-4814-85D8-906D1F75C1E9}.Debug|Any CPU.ActiveCfg = Debug|Any CPU
		{13CA07E5-3FE4-4814-85D8-906D1F75C1E9}.Debug|Any CPU.Build.0 = Debug|Any CPU
		{13CA07E5-3FE4-4814-85D8-906D1F75C1E9}.Release|Any CPU.ActiveCfg = Release|Any CPU
		{13CA07E5-3FE4-4814-85D8-906D1F75C1E9}.Release|Any CPU.Build.0 = Release|Any CPU
		{A46E3775-6F1D-436B-9500-72693DCD8B3D}.Debug|Any CPU.ActiveCfg = Debug|Any CPU
		{A46E3775-6F1D-436B-9500-72693DCD8B3D}.Debug|Any CPU.Build.0 = Debug|Any CPU
		{A46E3775-6F1D-436B-9500-72693DCD8B3D}.Release|Any CPU.ActiveCfg = Release|Any CPU
		{A46E3775-6F1D-436B-9500-72693DCD8B3D}.Release|Any CPU.Build.0 = Release|Any CPU
	EndGlobalSection
	GlobalSection(SolutionProperties) = preSolution
		HideSolutionNode = FALSE
	EndGlobalSection
	GlobalSection(NestedProjects) = preSolution
		{37898ABE-DFD1-4E43-92B3-5F4C1BD77306} = {DA816CB5-F666-4FB3-BB37-48210BB56D3F}
		{13CA07E5-3FE4-4814-85D8-906D1F75C1E9} = {2477D333-2858-419C-BB52-F671B2B3F5C2}
		{A46E3775-6F1D-436B-9500-72693DCD8B3D} = {0D19DFA6-5E96-4969-BBEC-FA5C27D558DB}
	EndGlobalSection
	GlobalSection(ExtensibilityGlobals) = postSolution
		SolutionGuid = {855AEE57-37E2-40F7-861F-B415AD3C6632}
	EndGlobalSection
EndGlobal
